
Microsoft Visual Studio Solution File, Format Version 12.00
# Visual Studio Version 17
VisualStudioVersion = 17.0.31903.59
MinimumVisualStudioVersion = 10.0.40219.1
Project("{FAE04EC0-301F-11D3-BF4B-00C04F79EFBC}") = "API", "API\API.csproj", "{F7EA80FA-2E0D-4AA7-BDAB-AE6237DE741C}"
EndProject
Project("{FAE04EC0-301F-11D3-BF4B-00C04F79EFBC}") = "Core", "Core\Core.csproj", "{183111FA-CE29-46CF-8B97-83109BE7D088}"
EndProject
Project("{FAE04EC0-301F-11D3-BF4B-00C04F79EFBC}") = "Infrastructure", "Infrastructure\Infrastructure.csproj", "{F1DFAC17-15B7-46ED-96D5-BFCF054977DC}"
EndProject
Global
	GlobalSection(SolutionConfigurationPlatforms) = preSolution
		Debug|Any CPU = Debug|Any CPU
		Release|Any CPU = Release|Any CPU
	EndGlobalSection
	GlobalSection(SolutionProperties) = preSolution
		HideSolutionNode = FALSE
	EndGlobalSection
	GlobalSection(ProjectConfigurationPlatforms) = postSolution
		{F7EA80FA-2E0D-4AA7-BDAB-AE6237DE741C}.Debug|Any CPU.ActiveCfg = Debug|Any CPU
		{F7EA80FA-2E0D-4AA7-BDAB-AE6237DE741C}.Debug|Any CPU.Build.0 = Debug|Any CPU
		{F7EA80FA-2E0D-4AA7-BDAB-AE6237DE741C}.Release|Any CPU.ActiveCfg = Release|Any CPU
		{F7EA80FA-2E0D-4AA7-BDAB-AE6237DE741C}.Release|Any CPU.Build.0 = Release|Any CPU
		{183111FA-CE29-46CF-8B97-83109BE7D088}.Debug|Any CPU.ActiveCfg = Debug|Any CPU
		{183111FA-CE29-46CF-8B97-83109BE7D088}.Debug|Any CPU.Build.0 = Debug|Any CPU
		{183111FA-CE29-46CF-8B97-83109BE7D088}.Release|Any CPU.ActiveCfg = Release|Any CPU
		{183111FA-CE29-46CF-8B97-83109BE7D088}.Release|Any CPU.Build.0 = Release|Any CPU
		{F1DFAC17-15B7-46ED-96D5-BFCF054977DC}.Debug|Any CPU.ActiveCfg = Debug|Any CPU
		{F1DFAC17-15B7-46ED-96D5-BFCF054977DC}.Debug|Any CPU.Build.0 = Debug|Any CPU
		{F1DFAC17-15B7-46ED-96D5-BFCF054977DC}.Release|Any CPU.ActiveCfg = Release|Any CPU
		{F1DFAC17-15B7-46ED-96D5-BFCF054977DC}.Release|Any CPU.Build.0 = Release|Any CPU
	EndGlobalSection
EndGlobal
